
Microsoft Visual Studio Solution File, Format Version 12.00
# Visual Studio 15
VisualStudioVersion = 15.0.28010.2003
MinimumVisualStudioVersion = 10.0.40219.1
Project("{FAE04EC0-301F-11D3-BF4B-00C04F79EFBC}") = "LTCingFW", "LTCingFW\LTCingFW.csproj", "{56A8E7E0-5074-4A49-B130-B2D2632E184E}"
EndProject
Global
	GlobalSection(SolutionConfigurationPlatforms) = preSolution
		Debug|Any CPU = Debug|Any CPU
		Release|Any CPU = Release|Any CPU
	EndGlobalSection
	GlobalSection(ProjectConfigurationPlatforms) = postSolution
		{56A8E7E0-5074-4A49-B130-B2D2632E184E}.Debug|Any CPU.ActiveCfg = Debug|Any CPU
		{56A8E7E0-5074-4A49-B130-B2D2632E184E}.Debug|Any CPU.Build.0 = Debug|Any CPU
		{56A8E7E0-5074-4A49-B130-B2D2632E184E}.Release|Any CPU.ActiveCfg = Release|Any CPU
		{56A8E7E0-5074-4A49-B130-B2D2632E184E}.Release|Any CPU.Build.0 = Release|Any CPU
	EndGlobalSection
	GlobalSection(SolutionProperties) = preSolution
		HideSolutionNode = FALSE
	EndGlobalSection
	GlobalSection(ExtensibilityGlobals) = postSolution
		SolutionGuid = {3875DB19-B130-420B-9D76-31C78F1E3E14}
	EndGlobalSection
EndGlobal
